
Microsoft Visual Studio Solution File, Format Version 12.00
# Visual Studio Version 16
VisualStudioVersion = 16.0.31220.234
MinimumVisualStudioVersion = 10.0.40219.1
Project("{9A19103F-16F7-4668-BE54-9A1E7A4F7556}") = "MauiAppBlazor", "MauiAppBlazor\MauiAppBlazor\MauiAppBlazor.csproj", "{95A8D756-0BB6-474A-BA66-2294C95C6383}"
EndProject
Project("{9A19103F-16F7-4668-BE54-9A1E7A4F7556}") = "MauiAppBlazor.WinUI3", "MauiAppBlazor\MauiAppBlazor.WinUI3\MauiAppBlazor.WinUI3.csproj", "{9CF9728D-5D64-4435-8FA2-63EA70E7F5CE}"
EndProject
Project("{C7167F0D-BC9F-4E6E-AFE1-012C56B48DB5}") = "MauiAppBlazor.WinUI3 (Package)", "MauiAppBlazor\MauiAppBlazor.WinUI3 (Package)\MauiAppBlazor.WinUI3 (Package).wapproj", "{F1BFD24B-A3EF-43A7-A223-E5554E368960}"
EndProject
Global
	GlobalSection(SolutionConfigurationPlatforms) = preSolution
		Debug|Any CPU = Debug|Any CPU
		Debug|arm64 = Debug|arm64
		Debug|x64 = Debug|x64
		Debug|x86 = Debug|x86
		Release|Any CPU = Release|Any CPU
		Release|arm64 = Release|arm64
		Release|x64 = Release|x64
		Release|x86 = Release|x86
	EndGlobalSection
	GlobalSection(ProjectConfigurationPlatforms) = postSolution
		{95A8D756-0BB6-474A-BA66-2294C95C6383}.Debug|Any CPU.ActiveCfg = Debug|Any CPU
		{95A8D756-0BB6-474A-BA66-2294C95C6383}.Debug|Any CPU.Build.0 = Debug|Any CPU
		{95A8D756-0BB6-474A-BA66-2294C95C6383}.Debug|Any CPU.Deploy.0 = Debug|Any CPU
		{95A8D756-0BB6-474A-BA66-2294C95C6383}.Debug|arm64.ActiveCfg = Debug|Any CPU
		{95A8D756-0BB6-474A-BA66-2294C95C6383}.Debug|arm64.Build.0 = Debug|Any CPU
		{95A8D756-0BB6-474A-BA66-2294C95C6383}.Debug|arm64.Deploy.0 = Debug|Any CPU
		{95A8D756-0BB6-474A-BA66-2294C95C6383}.Debug|x64.ActiveCfg = Debug|Any CPU
		{95A8D756-0BB6-474A-BA66-2294C95C6383}.Debug|x64.Build.0 = Debug|Any CPU
		{95A8D756-0BB6-474A-BA66-2294C95C6383}.Debug|x64.Deploy.0 = Debug|Any CPU
		{95A8D756-0BB6-474A-BA66-2294C95C6383}.Debug|x86.ActiveCfg = Debug|Any CPU
		{95A8D756-0BB6-474A-BA66-2294C95C6383}.Debug|x86.Build.0 = Debug|Any CPU
		{95A8D756-0BB6-474A-BA66-2294C95C6383}.Debug|x86.Deploy.0 = Debug|Any CPU
		{95A8D756-0BB6-474A-BA66-2294C95C6383}.Release|Any CPU.ActiveCfg = Release|Any CPU
		{95A8D756-0BB6-474A-BA66-2294C95C6383}.Release|Any CPU.Build.0 = Release|Any CPU
		{95A8D756-0BB6-474A-BA66-2294C95C6383}.Release|Any CPU.Deploy.0 = Release|Any CPU
		{95A8D756-0BB6-474A-BA66-2294C95C6383}.Release|arm64.ActiveCfg = Release|Any CPU
		{95A8D756-0BB6-474A-BA66-2294C95C6383}.Release|arm64.Build.0 = Release|Any CPU
		{95A8D756-0BB6-474A-BA66-2294C95C6383}.Release|arm64.Deploy.0 = Release|Any CPU
		{95A8D756-0BB6-474A-BA66-2294C95C6383}.Release|x64.ActiveCfg = Release|Any CPU
		{95A8D756-0BB6-474A-BA66-2294C95C6383}.Release|x64.Build.0 = Release|Any CPU
		{95A8D756-0BB6-474A-BA66-2294C95C6383}.Release|x64.Deploy.0 = Release|Any CPU
		{95A8D756-0BB6-474A-BA66-2294C95C6383}.Release|x86.ActiveCfg = Release|Any CPU
		{95A8D756-0BB6-474A-BA66-2294C95C6383}.Release|x86.Build.0 = Release|Any CPU
		{95A8D756-0BB6-474A-BA66-2294C95C6383}.Release|x86.Deploy.0 = Release|Any CPU
		{9CF9728D-5D64-4435-8FA2-63EA70E7F5CE}.Debug|Any CPU.ActiveCfg = Debug|x64
		{9CF9728D-5D64-4435-8FA2-63EA70E7F5CE}.Debug|Any CPU.Build.0 = Debug|x64
		{9CF9728D-5D64-4435-8FA2-63EA70E7F5CE}.Debug|arm64.ActiveCfg = Debug|arm64
		{9CF9728D-5D64-4435-8FA2-63EA70E7F5CE}.Debug|arm64.Build.0 = Debug|arm64
		{9CF9728D-5D64-4435-8FA2-63EA70E7F5CE}.Debug|x64.ActiveCfg = Debug|x64
		{9CF9728D-5D64-4435-8FA2-63EA70E7F5CE}.Debug|x64.Build.0 = Debug|x64
		{9CF9728D-5D64-4435-8FA2-63EA70E7F5CE}.Debug|x86.ActiveCfg = Debug|x86
		{9CF9728D-5D64-4435-8FA2-63EA70E7F5CE}.Debug|x86.Build.0 = Debug|x86
		{9CF9728D-5D64-4435-8FA2-63EA70E7F5CE}.Release|Any CPU.ActiveCfg = Release|x64
		{9CF9728D-5D64-4435-8FA2-63EA70E7F5CE}.Release|arm64.ActiveCfg = Release|arm64
		{9CF9728D-5D64-4435-8FA2-63EA70E7F5CE}.Release|arm64.Build.0 = Release|arm64
		{9CF9728D-5D64-4435-8FA2-63EA70E7F5CE}.Release|x64.ActiveCfg = Release|x64
		{9CF9728D-5D64-4435-8FA2-63EA70E7F5CE}.Release|x64.Build.0 = Release|x64
		{9CF9728D-5D64-4435-8FA2-63EA70E7F5CE}.Release|x86.ActiveCfg = Release|x86
		{9CF9728D-5D64-4435-8FA2-63EA70E7F5CE}.Release|x86.Build.0 = Release|x86
		{F1BFD24B-A3EF-43A7-A223-E5554E368960}.Debug|Any CPU.ActiveCfg = Debug|x64
		{F1BFD24B-A3EF-43A7-A223-E5554E368960}.Debug|Any CPU.Build.0 = Debug|x64
		{F1BFD24B-A3EF-43A7-A223-E5554E368960}.Debug|Any CPU.Deploy.0 = Debug|x64
		{F1BFD24B-A3EF-43A7-A223-E5554E368960}.Debug|arm64.ActiveCfg = Debug|arm64
		{F1BFD24B-A3EF-43A7-A223-E5554E368960}.Debug|arm64.Build.0 = Debug|arm64
		{F1BFD24B-A3EF-43A7-A223-E5554E368960}.Debug|arm64.Deploy.0 = Debug|arm64
		{F1BFD24B-A3EF-43A7-A223-E5554E368960}.Debug|x64.ActiveCfg = Debug|x64
		{F1BFD24B-A3EF-43A7-A223-E5554E368960}.Debug|x64.Build.0 = Debug|x64
		{F1BFD24B-A3EF-43A7-A223-E5554E368960}.Debug|x64.Deploy.0 = Debug|x64
		{F1BFD24B-A3EF-43A7-A223-E5554E368960}.Debug|x86.ActiveCfg = Debug|x86
		{F1BFD24B-A3EF-43A7-A223-E5554E368960}.Debug|x86.Build.0 = Debug|x86
		{F1BFD24B-A3EF-43A7-A223-E5554E368960}.Debug|x86.Deploy.0 = Debug|x86
		{F1BFD24B-A3EF-43A7-A223-E5554E368960}.Release|Any CPU.ActiveCfg = Release|x64
		{F1BFD24B-A3EF-43A7-A223-E5554E368960}.Release|arm64.ActiveCfg = Release|arm64
		{F1BFD24B-A3EF-43A7-A223-E5554E368960}.Release|arm64.Build.0 = Release|arm64
		{F1BFD24B-A3EF-43A7-A223-E5554E368960}.Release|arm64.Deploy.0 = Release|arm64
		{F1BFD24B-A3EF-43A7-A223-E5554E368960}.Release|x64.ActiveCfg = Release|x64
		{F1BFD24B-A3EF-43A7-A223-E5554E368960}.Release|x64.Build.0 = Release|x64
		{F1BFD24B-A3EF-43A7-A223-E5554E368960}.Release|x64.Deploy.0 = Release|x64
		{F1BFD24B-A3EF-43A7-A223-E5554E368960}.Release|x86.ActiveCfg = Release|x86
		{F1BFD24B-A3EF-43A7-A223-E5554E368960}.Release|x86.Build.0 = Release|x86
		{F1BFD24B-A3EF-43A7-A223-E5554E368960}.Release|x86.Deploy.0 = Release|x86
	EndGlobalSection
	GlobalSection(SolutionProperties) = preSolution
		HideSolutionNode = FALSE
	EndGlobalSection
	GlobalSection(ExtensibilityGlobals) = postSolution
		SolutionGuid = {61F7FB11-1E47-470C-91E2-47F8143E1572}
	EndGlobalSection
EndGlobal
